// !$*UTF8*$!
{
	archiveVersion = 1;
	classes = {
	};
	objectVersion = 46;
	objects = {

/* Begin PBXBuildFile section */
		A539579F3C8DD49799887530 /* Pods.framework in Frameworks */ = {isa = PBXBuildFile; fileRef = 9CDA70B27D25EB3FFD47E473 /* Pods.framework */; };
		B21ED3531BBC81C700FF7DD4 /* AppDelegate.swift in Sources */ = {isa = PBXBuildFile; fileRef = B21ED3521BBC81C700FF7DD4 /* AppDelegate.swift */; };
		B21ED3551BBC81C700FF7DD4 /* ViewController.swift in Sources */ = {isa = PBXBuildFile; fileRef = B21ED3541BBC81C700FF7DD4 /* ViewController.swift */; };
		B21ED3581BBC81C700FF7DD4 /* Main.storyboard in Resources */ = {isa = PBXBuildFile; fileRef = B21ED3561BBC81C700FF7DD4 /* Main.storyboard */; };
		B21ED35A1BBC81C700FF7DD4 /* Assets.xcassets in Resources */ = {isa = PBXBuildFile; fileRef = B21ED3591BBC81C700FF7DD4 /* Assets.xcassets */; };
		B21ED35D1BBC81C700FF7DD4 /* LaunchScreen.storyboard in Resources */ = {isa = PBXBuildFile; fileRef = B21ED35B1BBC81C700FF7DD4 /* LaunchScreen.storyboard */; };
		B21ED3681BBC81C700FF7DD4 /* CafezinTests.swift in Sources */ = {isa = PBXBuildFile; fileRef = B21ED3671BBC81C700FF7DD4 /* CafezinTests.swift */; };
		B21ED3731BBC81C700FF7DD4 /* CafezinUITests.swift in Sources */ = {isa = PBXBuildFile; fileRef = B21ED3721BBC81C700FF7DD4 /* CafezinUITests.swift */; };
		B2B007431BC82DFA002BD7FB /* CoffeMakerRepository.swift in Sources */ = {isa = PBXBuildFile; fileRef = B2B007421BC82DFA002BD7FB /* CoffeMakerRepository.swift */; settings = {ASSET_TAGS = (); }; };
/* End PBXBuildFile section */

/* Begin PBXContainerItemProxy section */
		B21ED3641BBC81C700FF7DD4 /* PBXContainerItemProxy */ = {
			isa = PBXContainerItemProxy;
			containerPortal = B21ED3471BBC81C700FF7DD4 /* Project object */;
			proxyType = 1;
			remoteGlobalIDString = B21ED34E1BBC81C700FF7DD4;
			remoteInfo = Cafezin;
		};
		B21ED36F1BBC81C700FF7DD4 /* PBXContainerItemProxy */ = {
			isa = PBXContainerItemProxy;
			containerPortal = B21ED3471BBC81C700FF7DD4 /* Project object */;
			proxyType = 1;
			remoteGlobalIDString = B21ED34E1BBC81C700FF7DD4;
			remoteInfo = Cafezin;
		};
/* End PBXContainerItemProxy section */

/* Begin PBXFileReference section */
		33CE166EA856D22EB51704A5 /* Pods.debug.xcconfig */ = {isa = PBXFileReference; includeInIndex = 1; lastKnownFileType = text.xcconfig; name = Pods.debug.xcconfig; path = "Pods/Target Support Files/Pods/Pods.debug.xcconfig"; sourceTree = "<group>"; };
		5DB4EEEA98CC687684B7EEFA /* Pods.release.xcconfig */ = {isa = PBXFileReference; includeInIndex = 1; lastKnownFileType = text.xcconfig; name = Pods.release.xcconfig; path = "Pods/Target Support Files/Pods/Pods.release.xcconfig"; sourceTree = "<group>"; };
		9CDA70B27D25EB3FFD47E473 /* Pods.framework */ = {isa = PBXFileReference; explicitFileType = wrapper.framework; includeInIndex = 0; path = Pods.framework; sourceTree = BUILT_PRODUCTS_DIR; };
		B21ED34F1BBC81C700FF7DD4 /* Cafezin.app */ = {isa = PBXFileReference; explicitFileType = wrapper.application; includeInIndex = 0; path = Cafezin.app; sourceTree = BUILT_PRODUCTS_DIR; };
		B21ED3521BBC81C700FF7DD4 /* AppDelegate.swift */ = {isa = PBXFileReference; lastKnownFileType = sourcecode.swift; path = AppDelegate.swift; sourceTree = "<group>"; };
		B21ED3541BBC81C700FF7DD4 /* ViewController.swift */ = {isa = PBXFileReference; lastKnownFileType = sourcecode.swift; path = ViewController.swift; sourceTree = "<group>"; };
		B21ED3571BBC81C700FF7DD4 /* Base */ = {isa = PBXFileReference; lastKnownFileType = file.storyboard; name = Base; path = Base.lproj/Main.storyboard; sourceTree = "<group>"; };
		B21ED3591BBC81C700FF7DD4 /* Assets.xcassets */ = {isa = PBXFileReference; lastKnownFileType = folder.assetcatalog; path = Assets.xcassets; sourceTree = "<group>"; };
		B21ED35C1BBC81C700FF7DD4 /* Base */ = {isa = PBXFileReference; lastKnownFileType = file.storyboard; name = Base; path = Base.lproj/LaunchScreen.storyboard; sourceTree = "<group>"; };
		B21ED35E1BBC81C700FF7DD4 /* Info.plist */ = {isa = PBXFileReference; lastKnownFileType = text.plist.xml; path = Info.plist; sourceTree = "<group>"; };
		B21ED3631BBC81C700FF7DD4 /* CafezinTests.xctest */ = {isa = PBXFileReference; explicitFileType = wrapper.cfbundle; includeInIndex = 0; path = CafezinTests.xctest; sourceTree = BUILT_PRODUCTS_DIR; };
		B21ED3671BBC81C700FF7DD4 /* CafezinTests.swift */ = {isa = PBXFileReference; lastKnownFileType = sourcecode.swift; path = CafezinTests.swift; sourceTree = "<group>"; };
		B21ED3691BBC81C700FF7DD4 /* Info.plist */ = {isa = PBXFileReference; lastKnownFileType = text.plist.xml; path = Info.plist; sourceTree = "<group>"; };
		B21ED36E1BBC81C700FF7DD4 /* CafezinUITests.xctest */ = {isa = PBXFileReference; explicitFileType = wrapper.cfbundle; includeInIndex = 0; path = CafezinUITests.xctest; sourceTree = BUILT_PRODUCTS_DIR; };
		B21ED3721BBC81C700FF7DD4 /* CafezinUITests.swift */ = {isa = PBXFileReference; lastKnownFileType = sourcecode.swift; path = CafezinUITests.swift; sourceTree = "<group>"; };
		B21ED3741BBC81C700FF7DD4 /* Info.plist */ = {isa = PBXFileReference; lastKnownFileType = text.plist.xml; path = Info.plist; sourceTree = "<group>"; };
		B2B007421BC82DFA002BD7FB /* CoffeMakerRepository.swift */ = {isa = PBXFileReference; fileEncoding = 4; lastKnownFileType = sourcecode.swift; path = CoffeMakerRepository.swift; sourceTree = "<group>"; };
/* End PBXFileReference section */

/* Begin PBXFrameworksBuildPhase section */
		B21ED34C1BBC81C700FF7DD4 /* Frameworks */ = {
			isa = PBXFrameworksBuildPhase;
			buildActionMask = 2147483647;
			files = (
				A539579F3C8DD49799887530 /* Pods.framework in Frameworks */,
			);
			runOnlyForDeploymentPostprocessing = 0;
		};
		B21ED3601BBC81C700FF7DD4 /* Frameworks */ = {
			isa = PBXFrameworksBuildPhase;
			buildActionMask = 2147483647;
			files = (
			);
			runOnlyForDeploymentPostprocessing = 0;
		};
		B21ED36B1BBC81C700FF7DD4 /* Frameworks */ = {
			isa = PBXFrameworksBuildPhase;
			buildActionMask = 2147483647;
			files = (
			);
			runOnlyForDeploymentPostprocessing = 0;
		};
/* End PBXFrameworksBuildPhase section */

/* Begin PBXGroup section */
		26DDA721E9F858C3AF4F7D8B /* Frameworks */ = {
			isa = PBXGroup;
			children = (
				9CDA70B27D25EB3FFD47E473 /* Pods.framework */,
			);
			name = Frameworks;
			sourceTree = "<group>";
		};
		5B3F68BABC6827FFBD2CE8AA /* Pods */ = {
			isa = PBXGroup;
			children = (
				33CE166EA856D22EB51704A5 /* Pods.debug.xcconfig */,
				5DB4EEEA98CC687684B7EEFA /* Pods.release.xcconfig */,
			);
			name = Pods;
			sourceTree = "<group>";
		};
		B21ED3461BBC81C700FF7DD4 = {
			isa = PBXGroup;
			children = (
				B21ED3511BBC81C700FF7DD4 /* Cafezin */,
				B21ED3661BBC81C700FF7DD4 /* CafezinTests */,
				B21ED3711BBC81C700FF7DD4 /* CafezinUITests */,
				B21ED3501BBC81C700FF7DD4 /* Products */,
				5B3F68BABC6827FFBD2CE8AA /* Pods */,
				26DDA721E9F858C3AF4F7D8B /* Frameworks */,
			);
			sourceTree = "<group>";
		};
		B21ED3501BBC81C700FF7DD4 /* Products */ = {
			isa = PBXGroup;
			children = (
				B21ED34F1BBC81C700FF7DD4 /* Cafezin.app */,
				B21ED3631BBC81C700FF7DD4 /* CafezinTests.xctest */,
				B21ED36E1BBC81C700FF7DD4 /* CafezinUITests.xctest */,
			);
			name = Products;
			sourceTree = "<group>";
		};
		B21ED3511BBC81C700FF7DD4 /* Cafezin */ = {
			isa = PBXGroup;
			children = (
				B2B007411BC44449002BD7FB /* Controllers */,
				B21ED3521BBC81C700FF7DD4 /* AppDelegate.swift */,
				B21ED3561BBC81C700FF7DD4 /* Main.storyboard */,
				B21ED3591BBC81C700FF7DD4 /* Assets.xcassets */,
				B21ED35B1BBC81C700FF7DD4 /* LaunchScreen.storyboard */,
				B21ED35E1BBC81C700FF7DD4 /* Info.plist */,
			);
			path = Cafezin;
			sourceTree = "<group>";
		};
		B21ED3661BBC81C700FF7DD4 /* CafezinTests */ = {
			isa = PBXGroup;
			children = (
				B21ED3671BBC81C700FF7DD4 /* CafezinTests.swift */,
				B21ED3691BBC81C700FF7DD4 /* Info.plist */,
			);
			path = CafezinTests;
			sourceTree = "<group>";
		};
		B21ED3711BBC81C700FF7DD4 /* CafezinUITests */ = {
			isa = PBXGroup;
			children = (
				B21ED3721BBC81C700FF7DD4 /* CafezinUITests.swift */,
				B21ED3741BBC81C700FF7DD4 /* Info.plist */,
			);
			path = CafezinUITests;
			sourceTree = "<group>";
		};
		B2B007411BC44449002BD7FB /* Controllers */ = {
			isa = PBXGroup;
			children = (
				B21ED3541BBC81C700FF7DD4 /* ViewController.swift */,
				B2B007421BC82DFA002BD7FB /* CoffeMakerRepository.swift */,
			);
			name = Controllers;
			sourceTree = "<group>";
		};
/* End PBXGroup section */

/* Begin PBXNativeTarget section */
		B21ED34E1BBC81C700FF7DD4 /* Cafezin */ = {
			isa = PBXNativeTarget;
			buildConfigurationList = B21ED3771BBC81C700FF7DD4 /* Build configuration list for PBXNativeTarget "Cafezin" */;
			buildPhases = (
				FF79501FF445C2C2DDF09A0B /* Check Pods Manifest.lock */,
				B21ED34B1BBC81C700FF7DD4 /* Sources */,
				B21ED34C1BBC81C700FF7DD4 /* Frameworks */,
				B21ED34D1BBC81C700FF7DD4 /* Resources */,
				7E8353C7ED2E9EDEAB0C71D2 /* Embed Pods Frameworks */,
				2C857E1690F2477F33C16A86 /* Copy Pods Resources */,
			);
			buildRules = (
			);
			dependencies = (
			);
			name = Cafezin;
			productName = Cafezin;
			productReference = B21ED34F1BBC81C700FF7DD4 /* Cafezin.app */;
			productType = "com.apple.product-type.application";
		};
		B21ED3621BBC81C700FF7DD4 /* CafezinTests */ = {
			isa = PBXNativeTarget;
			buildConfigurationList = B21ED37A1BBC81C700FF7DD4 /* Build configuration list for PBXNativeTarget "CafezinTests" */;
			buildPhases = (
				B21ED35F1BBC81C700FF7DD4 /* Sources */,
				B21ED3601BBC81C700FF7DD4 /* Frameworks */,
				B21ED3611BBC81C700FF7DD4 /* Resources */,
			);
			buildRules = (
			);
			dependencies = (
				B21ED3651BBC81C700FF7DD4 /* PBXTargetDependency */,
			);
			name = CafezinTests;
			productName = CafezinTests;
			productReference = B21ED3631BBC81C700FF7DD4 /* CafezinTests.xctest */;
			productType = "com.apple.product-type.bundle.unit-test";
		};
		B21ED36D1BBC81C700FF7DD4 /* CafezinUITests */ = {
			isa = PBXNativeTarget;
			buildConfigurationList = B21ED37D1BBC81C700FF7DD4 /* Build configuration list for PBXNativeTarget "CafezinUITests" */;
			buildPhases = (
				B21ED36A1BBC81C700FF7DD4 /* Sources */,
				B21ED36B1BBC81C700FF7DD4 /* Frameworks */,
				B21ED36C1BBC81C700FF7DD4 /* Resources */,
			);
			buildRules = (
			);
			dependencies = (
				B21ED3701BBC81C700FF7DD4 /* PBXTargetDependency */,
			);
			name = CafezinUITests;
			productName = CafezinUITests;
			productReference = B21ED36E1BBC81C700FF7DD4 /* CafezinUITests.xctest */;
			productType = "com.apple.product-type.bundle.ui-testing";
		};
/* End PBXNativeTarget section */

/* Begin PBXProject section */
		B21ED3471BBC81C700FF7DD4 /* Project object */ = {
			isa = PBXProject;
			attributes = {
				LastUpgradeCheck = 0700;
				ORGANIZATIONNAME = Thoughtworks;
				TargetAttributes = {
					B21ED34E1BBC81C700FF7DD4 = {
						CreatedOnToolsVersion = 7.0;
						DevelopmentTeam = 322CG6GE58;
					};
					B21ED3621BBC81C700FF7DD4 = {
						CreatedOnToolsVersion = 7.0;
						TestTargetID = B21ED34E1BBC81C700FF7DD4;
					};
					B21ED36D1BBC81C700FF7DD4 = {
						CreatedOnToolsVersion = 7.0;
						TestTargetID = B21ED34E1BBC81C700FF7DD4;
					};
				};
			};
			buildConfigurationList = B21ED34A1BBC81C700FF7DD4 /* Build configuration list for PBXProject "Cafezin" */;
			compatibilityVersion = "Xcode 3.2";
			developmentRegion = English;
			hasScannedForEncodings = 0;
			knownRegions = (
				en,
				Base,
			);
			mainGroup = B21ED3461BBC81C700FF7DD4;
			productRefGroup = B21ED3501BBC81C700FF7DD4 /* Products */;
			projectDirPath = "";
			projectRoot = "";
			targets = (
				B21ED34E1BBC81C700FF7DD4 /* Cafezin */,
				B21ED3621BBC81C700FF7DD4 /* CafezinTests */,
				B21ED36D1BBC81C700FF7DD4 /* CafezinUITests */,
			);
		};
/* End PBXProject section */

/* Begin PBXResourcesBuildPhase section */
		B21ED34D1BBC81C700FF7DD4 /* Resources */ = {
			isa = PBXResourcesBuildPhase;
			buildActionMask = 2147483647;
			files = (
				B21ED35D1BBC81C700FF7DD4 /* LaunchScreen.storyboard in Resources */,
				B21ED35A1BBC81C700FF7DD4 /* Assets.xcassets in Resources */,
				B21ED3581BBC81C700FF7DD4 /* Main.storyboard in Resources */,
			);
			runOnlyForDeploymentPostprocessing = 0;
		};
		B21ED3611BBC81C700FF7DD4 /* Resources */ = {
			isa = PBXResourcesBuildPhase;
			buildActionMask = 2147483647;
			files = (
			);
			runOnlyForDeploymentPostprocessing = 0;
		};
		B21ED36C1BBC81C700FF7DD4 /* Resources */ = {
			isa = PBXResourcesBuildPhase;
			buildActionMask = 2147483647;
			files = (
			);
			runOnlyForDeploymentPostprocessing = 0;
		};
/* End PBXResourcesBuildPhase section */

/* Begin PBXShellScriptBuildPhase section */
		2C857E1690F2477F33C16A86 /* Copy Pods Resources */ = {
			isa = PBXShellScriptBuildPhase;
			buildActionMask = 2147483647;
			files = (
			);
			inputPaths = (
			);
			name = "Copy Pods Resources";
			outputPaths = (
			);
			runOnlyForDeploymentPostprocessing = 0;
			shellPath = /bin/sh;
			shellScript = "\"${SRCROOT}/Pods/Target Support Files/Pods/Pods-resources.sh\"\n";
			showEnvVarsInLog = 0;
		};
		7E8353C7ED2E9EDEAB0C71D2 /* Embed Pods Frameworks */ = {
			isa = PBXShellScriptBuildPhase;
			buildActionMask = 2147483647;
			files = (
			);
			inputPaths = (
			);
			name = "Embed Pods Frameworks";
			outputPaths = (
			);
			runOnlyForDeploymentPostprocessing = 0;
			shellPath = /bin/sh;
			shellScript = "\"${SRCROOT}/Pods/Target Support Files/Pods/Pods-frameworks.sh\"\n";
			showEnvVarsInLog = 0;
		};
		FF79501FF445C2C2DDF09A0B /* Check Pods Manifest.lock */ = {
			isa = PBXShellScriptBuildPhase;
			buildActionMask = 2147483647;
			files = (
			);
			inputPaths = (
			);
			name = "Check Pods Manifest.lock";
			outputPaths = (
			);
			runOnlyForDeploymentPostprocessing = 0;
			shellPath = /bin/sh;
			shellScript = "diff \"${PODS_ROOT}/../Podfile.lock\" \"${PODS_ROOT}/Manifest.lock\" > /dev/null\nif [[ $? != 0 ]] ; then\n    cat << EOM\nerror: The sandbox is not in sync with the Podfile.lock. Run 'pod install' or update your CocoaPods installation.\nEOM\n    exit 1\nfi\n";
			showEnvVarsInLog = 0;
		};
/* End PBXShellScriptBuildPhase section */

/* Begin PBXSourcesBuildPhase section */
		B21ED34B1BBC81C700FF7DD4 /* Sources */ = {
			isa = PBXSourcesBuildPhase;
			buildActionMask = 2147483647;
			files = (
				B21ED3551BBC81C700FF7DD4 /* ViewController.swift in Sources */,
				B21ED3531BBC81C700FF7DD4 /* AppDelegate.swift in Sources */,
				B2B007431BC82DFA002BD7FB /* CoffeMakerRepository.swift in Sources */,
			);
			runOnlyForDeploymentPostprocessing = 0;
		};
		B21ED35F1BBC81C700FF7DD4 /* Sources */ = {
			isa = PBXSourcesBuildPhase;
			buildActionMask = 2147483647;
			files = (
				B21ED3681BBC81C700FF7DD4 /* CafezinTests.swift in Sources */,
			);
			runOnlyForDeploymentPostprocessing = 0;
		};
		B21ED36A1BBC81C700FF7DD4 /* Sources */ = {
			isa = PBXSourcesBuildPhase;
			buildActionMask = 2147483647;
			files = (
				B21ED3731BBC81C700FF7DD4 /* CafezinUITests.swift in Sources */,
			);
			runOnlyForDeploymentPostprocessing = 0;
		};
/* End PBXSourcesBuildPhase section */

/* Begin PBXTargetDependency section */
		B21ED3651BBC81C700FF7DD4 /* PBXTargetDependency */ = {
			isa = PBXTargetDependency;
			target = B21ED34E1BBC81C700FF7DD4 /* Cafezin */;
			targetProxy = B21ED3641BBC81C700FF7DD4 /* PBXContainerItemProxy */;
		};
		B21ED3701BBC81C700FF7DD4 /* PBXTargetDependency */ = {
			isa = PBXTargetDependency;
			target = B21ED34E1BBC81C700FF7DD4 /* Cafezin */;
			targetProxy = B21ED36F1BBC81C700FF7DD4 /* PBXContainerItemProxy */;
		};
/* End PBXTargetDependency section */

/* Begin PBXVariantGroup section */
		B21ED3561BBC81C700FF7DD4 /* Main.storyboard */ = {
			isa = PBXVariantGroup;
			children = (
				B21ED3571BBC81C700FF7DD4 /* Base */,
			);
			name = Main.storyboard;
			sourceTree = "<group>";
		};
		B21ED35B1BBC81C700FF7DD4 /* LaunchScreen.storyboard */ = {
			isa = PBXVariantGroup;
			children = (
				B21ED35C1BBC81C700FF7DD4 /* Base */,
			);
			name = LaunchScreen.storyboard;
			sourceTree = "<group>";
		};
/* End PBXVariantGroup section */

/* Begin XCBuildConfiguration section */
		B21ED3751BBC81C700FF7DD4 /* Debug */ = {
			isa = XCBuildConfiguration;
			buildSettings = {
				ALWAYS_SEARCH_USER_PATHS = NO;
				CLANG_CXX_LANGUAGE_STANDARD = "gnu++0x";
				CLANG_CXX_LIBRARY = "libc++";
				CLANG_ENABLE_MODULES = YES;
				CLANG_ENABLE_OBJC_ARC = YES;
				CLANG_WARN_BOOL_CONVERSION = YES;
				CLANG_WARN_CONSTANT_CONVERSION = YES;
				CLANG_WARN_DIRECT_OBJC_ISA_USAGE = YES_ERROR;
				CLANG_WARN_EMPTY_BODY = YES;
				CLANG_WARN_ENUM_CONVERSION = YES;
				CLANG_WARN_INT_CONVERSION = YES;
				CLANG_WARN_OBJC_ROOT_CLASS = YES_ERROR;
				CLANG_WARN_UNREACHABLE_CODE = YES;
				CLANG_WARN__DUPLICATE_METHOD_MATCH = YES;
				"CODE_SIGN_IDENTITY[sdk=iphoneos*]" = "iPhone Developer";
				COPY_PHASE_STRIP = NO;
				DEBUG_INFORMATION_FORMAT = dwarf;
				ENABLE_STRICT_OBJC_MSGSEND = YES;
				ENABLE_TESTABILITY = YES;
				GCC_C_LANGUAGE_STANDARD = gnu99;
				GCC_DYNAMIC_NO_PIC = NO;
				GCC_NO_COMMON_BLOCKS = YES;
				GCC_OPTIMIZATION_LEVEL = 0;
				GCC_PREPROCESSOR_DEFINITIONS = (
					"DEBUG=1",
					"$(inherited)",
				);
				GCC_WARN_64_TO_32_BIT_CONVERSION = YES;
				GCC_WARN_ABOUT_RETURN_TYPE = YES_ERROR;
				GCC_WARN_UNDECLARED_SELECTOR = YES;
				GCC_WARN_UNINITIALIZED_AUTOS = YES_AGGRESSIVE;
				GCC_WARN_UNUSED_FUNCTION = YES;
				GCC_WARN_UNUSED_VARIABLE = YES;
				IPHONEOS_DEPLOYMENT_TARGET = 9.0;
				MTL_ENABLE_DEBUG_INFO = YES;
				ONLY_ACTIVE_ARCH = YES;
				SDKROOT = iphoneos;
				SWIFT_OPTIMIZATION_LEVEL = "-Onone";
			};
			name = Debug;
		};
		B21ED3761BBC81C700FF7DD4 /* Release */ = {
			isa = XCBuildConfiguration;
			buildSettings = {
				ALWAYS_SEARCH_USER_PATHS = NO;
				CLANG_CXX_LANGUAGE_STANDARD = "gnu++0x";
				CLANG_CXX_LIBRARY = "libc++";
				CLANG_ENABLE_MODULES = YES;
				CLANG_ENABLE_OBJC_ARC = YES;
				CLANG_WARN_BOOL_CONVERSION = YES;
				CLANG_WARN_CONSTANT_CONVERSION = YES;
				CLANG_WARN_DIRECT_OBJC_ISA_USAGE = YES_ERROR;
				CLANG_WARN_EMPTY_BODY = YES;
				CLANG_WARN_ENUM_CONVERSION = YES;
				CLANG_WARN_INT_CONVERSION = YES;
				CLANG_WARN_OBJC_ROOT_CLASS = YES_ERROR;
				CLANG_WARN_UNREACHABLE_CODE = YES;
				CLANG_WARN__DUPLICATE_METHOD_MATCH = YES;
				"CODE_SIGN_IDENTITY[sdk=iphoneos*]" = "iPhone Developer";
				COPY_PHASE_STRIP = NO;
				DEBUG_INFORMATION_FORMAT = "dwarf-with-dsym";
				ENABLE_NS_ASSERTIONS = NO;
				ENABLE_STRICT_OBJC_MSGSEND = YES;
				GCC_C_LANGUAGE_STANDARD = gnu99;
				GCC_NO_COMMON_BLOCKS = YES;
				GCC_WARN_64_TO_32_BIT_CONVERSION = YES;
				GCC_WARN_ABOUT_RETURN_TYPE = YES_ERROR;
				GCC_WARN_UNDECLARED_SELECTOR = YES;
				GCC_WARN_UNINITIALIZED_AUTOS = YES_AGGRESSIVE;
				GCC_WARN_UNUSED_FUNCTION = YES;
				GCC_WARN_UNUSED_VARIABLE = YES;
				IPHONEOS_DEPLOYMENT_TARGET = 9.0;
				MTL_ENABLE_DEBUG_INFO = NO;
				SDKROOT = iphoneos;
				VALIDATE_PRODUCT = YES;
			};
			name = Release;
		};
		B21ED3781BBC81C700FF7DD4 /* Debug */ = {
			isa = XCBuildConfiguration;
			baseConfigurationReference = 33CE166EA856D22EB51704A5 /* Pods.debug.xcconfig */;
			buildSettings = {
				ASSETCATALOG_COMPILER_APPICON_NAME = AppIcon;
				CODE_SIGN_IDENTITY = "iPhone Distribution";
				"CODE_SIGN_IDENTITY[sdk=iphoneos*]" = "iPhone Distribution";
				INFOPLIST_FILE = Cafezin/Info.plist;
				LD_RUNPATH_SEARCH_PATHS = "$(inherited) @executable_path/Frameworks";
				PRODUCT_BUNDLE_IDENTIFIER = com.thoughtworks.mobile.cafezin;
				PRODUCT_NAME = "$(TARGET_NAME)";
				PROVISIONING_PROFILE = "$(PROFILE_UDID)";
			};
			name = Debug;
		};
		B21ED3791BBC81C700FF7DD4 /* Release */ = {
			isa = XCBuildConfiguration;
			baseConfigurationReference = 5DB4EEEA98CC687684B7EEFA /* Pods.release.xcconfig */;
			buildSettings = {
				ASSETCATALOG_COMPILER_APPICON_NAME = AppIcon;
				CODE_SIGN_IDENTITY = "iPhone Distribution";
				"CODE_SIGN_IDENTITY[sdk=iphoneos*]" = "iPhone Distribution";
				INFOPLIST_FILE = Cafezin/Info.plist;
				LD_RUNPATH_SEARCH_PATHS = "$(inherited) @executable_path/Frameworks";
				PRODUCT_BUNDLE_IDENTIFIER = com.thoughtworks.mobile.cafezin;
				PRODUCT_NAME = "$(TARGET_NAME)";
				PROVISIONING_PROFILE = "";
			};
			name = Release;
		};
		B21ED37B1BBC81C700FF7DD4 /* Debug */ = {
			isa = XCBuildConfiguration;
			buildSettings = {
				BUNDLE_LOADER = "$(TEST_HOST)";
				INFOPLIST_FILE = CafezinTests/Info.plist;
				LD_RUNPATH_SEARCH_PATHS = "$(inherited) @executable_path/Frameworks @loader_path/Frameworks";
				PRODUCT_BUNDLE_IDENTIFIER = com.thoughtworks.mobile.cafezin.CafezinTests;
				PRODUCT_NAME = "$(TARGET_NAME)";
				TEST_HOST = "$(BUILT_PRODUCTS_DIR)/Cafezin.app/Cafezin";
			};
			name = Debug;
		};
		B21ED37C1BBC81C700FF7DD4 /* Release */ = {
			isa = XCBuildConfiguration;
			buildSettings = {
				BUNDLE_LOADER = "$(TEST_HOST)";
				INFOPLIST_FILE = CafezinTests/Info.plist;
				LD_RUNPATH_SEARCH_PATHS = "$(inherited) @executable_path/Frameworks @loader_path/Frameworks";
				PRODUCT_BUNDLE_IDENTIFIER = com.thoughtworks.mobile.cafezin.CafezinTests;
				PRODUCT_NAME = "$(TARGET_NAME)";
				TEST_HOST = "$(BUILT_PRODUCTS_DIR)/Cafezin.app/Cafezin";
			};
			name = Release;
		};
		B21ED37E1BBC81C700FF7DD4 /* Debug */ = {
			isa = XCBuildConfiguration;
			buildSettings = {
				INFOPLIST_FILE = CafezinUITests/Info.plist;
				LD_RUNPATH_SEARCH_PATHS = "$(inherited) @executable_path/Frameworks @loader_path/Frameworks";
				PRODUCT_BUNDLE_IDENTIFIER = com.thoughtworks.mobile.cafezin.CafezinUITests;
				PRODUCT_NAME = "$(TARGET_NAME)";
				TEST_TARGET_NAME = Cafezin;
				USES_XCTRUNNER = YES;
			};
			name = Debug;
		};
		B21ED37F1BBC81C700FF7DD4 /* Release */ = {
			isa = XCBuildConfiguration;
			buildSettings = {
				INFOPLIST_FILE = CafezinUITests/Info.plist;
				LD_RUNPATH_SEARCH_PATHS = "$(inherited) @executable_path/Frameworks @loader_path/Frameworks";
				PRODUCT_BUNDLE_IDENTIFIER = com.thoughtworks.mobile.cafezin.CafezinUITests;
				PRODUCT_NAME = "$(TARGET_NAME)";
				TEST_TARGET_NAME = Cafezin;
				USES_XCTRUNNER = YES;
			};
			name = Release;
		};
/* End XCBuildConfiguration section */

/* Begin XCConfigurationList section */
		B21ED34A1BBC81C700FF7DD4 /* Build configuration list for PBXProject "Cafezin" */ = {
			isa = XCConfigurationList;
			buildConfigurations = (
				B21ED3751BBC81C700FF7DD4 /* Debug */,
				B21ED3761BBC81C700FF7DD4 /* Release */,
			);
			defaultConfigurationIsVisible = 0;
			defaultConfigurationName = Release;
		};
		B21ED3771BBC81C700FF7DD4 /* Build configuration list for PBXNativeTarget "Cafezin" */ = {
			isa = XCConfigurationList;
			buildConfigurations = (
				B21ED3781BBC81C700FF7DD4 /* Debug */,
				B21ED3791BBC81C700FF7DD4 /* Release */,
			);
			defaultConfigurationIsVisible = 0;
			defaultConfigurationName = Release;
		};
		B21ED37A1BBC81C700FF7DD4 /* Build configuration list for PBXNativeTarget "CafezinTests" */ = {
			isa = XCConfigurationList;
			buildConfigurations = (
				B21ED37B1BBC81C700FF7DD4 /* Debug */,
				B21ED37C1BBC81C700FF7DD4 /* Release */,
			);
			defaultConfigurationIsVisible = 0;
			defaultConfigurationName = Release;
		};
		B21ED37D1BBC81C700FF7DD4 /* Build configuration list for PBXNativeTarget "CafezinUITests" */ = {
			isa = XCConfigurationList;
			buildConfigurations = (
				B21ED37E1BBC81C700FF7DD4 /* Debug */,
				B21ED37F1BBC81C700FF7DD4 /* Release */,
			);
			defaultConfigurationIsVisible = 0;
			defaultConfigurationName = Release;
		};
/* End XCConfigurationList section */
	};
	rootObject = B21ED3471BBC81C700FF7DD4 /* Project object */;
}
